
Microsoft Visual Studio Solution File, Format Version 12.00
# Visual Studio Version 16
VisualStudioVersion = 16.0.31424.327
MinimumVisualStudioVersion = 10.0.40219.1
Project("{FAE04EC0-301F-11D3-BF4B-00C04F79EFBC}") = "battleship_simulation", "battleship_simulation\battleship_simulation.csproj", "{252585E0-4954-4B85-AA20-0F4BC5474A55}"
EndProject
Global
	GlobalSection(SolutionConfigurationPlatforms) = preSolution
		Debug|Any CPU = Debug|Any CPU
		Release|Any CPU = Release|Any CPU
	EndGlobalSection
	GlobalSection(ProjectConfigurationPlatforms) = postSolution
		{252585E0-4954-4B85-AA20-0F4BC5474A55}.Debug|Any CPU.ActiveCfg = Debug|Any CPU
		{252585E0-4954-4B85-AA20-0F4BC5474A55}.Debug|Any CPU.Build.0 = Debug|Any CPU
		{252585E0-4954-4B85-AA20-0F4BC5474A55}.Release|Any CPU.ActiveCfg = Release|Any CPU
		{252585E0-4954-4B85-AA20-0F4BC5474A55}.Release|Any CPU.Build.0 = Release|Any CPU
	EndGlobalSection
	GlobalSection(SolutionProperties) = preSolution
		HideSolutionNode = FALSE
	EndGlobalSection
	GlobalSection(ExtensibilityGlobals) = postSolution
		SolutionGuid = {D51014C4-C713-4656-BBB4-8DBE78EDBDDE}
	EndGlobalSection
EndGlobal
